<Solution>
  <Project Path="NetCoreAINew.Project01_DeepGramAIVoice/NetCoreAINew.Project01_DeepGramAIVoice.csproj" />
  <Project Path="NetCoreAINew.Project02_HuggingFaceSentimentAnalysis/NetCoreAINew.Project02_HuggingFaceSentimentAnalysis.csproj" Id="c9153798-07a9-4317-ac32-00b7d7ebf36d" />
  <Project Path="NetCoreAINew.Project03_HuggingFaceSummarizeText/NetCoreAINew.Project03_HuggingFaceSummarizeText.csproj" Id="fa5f67b3-9e69-4324-a496-b40083175abc" />
  <Project Path="NetCoreAINew.Project04_HuggingFaceNamedEntityRecognition/NetCoreAINew.Project04_HuggingFaceNamedEntityRecognition.csproj" Id="9f31ca95-31d2-410d-9777-85248bea84c6" />
  <Project Path="NetCoreAINew.Project05_HuggingFaceRobertaBaseQA/NetCoreAINew.Project05_HuggingFaceRobertaBaseQA.csproj" Id="b9b59b97-bce7-45ec-b87c-a32f225bae1b" />
  <Project Path="NetCoreAINew.Project06_HuggingFaceToxicBert/NetCoreAINew.Project06_HuggingFaceToxicBert.csproj" Id="a01bb39e-7c01-46c1-a82e-6baf10ffc0a3" />
  <Project Path="NetCoreAINew.Project07_AnthropicClaudeChat/NetCoreAINew.Project07_AnthropicClaudeChat.csproj" Id="eab7df96-ae83-40e5-8b45-3ffc3c13bf30" />
  <Project Path="NetCoreAINew.Project08_PDFSummarize/NetCoreAINew.Project08_PDFSummarize.csproj" Id="bcdb7cfb-cc9d-4663-a2b1-7c6e66a88f8a" />
  <Project Path="NetCoreAINew.Project09_JobEmail/NetCoreAINew.Project09_JobEmail.csproj" Id="900bf34e-05bb-42f1-8b14-241aad5590b8" />
  <Project Path="NetCoreAINew.Project10_DrawImage/NetCoreAINew.Project10_DrawImage.csproj" Id="d2cfeac9-5164-421c-9635-d0f2c83de7b8" />
  <Project Path="NetCoreAINew.Project11_MicrosoftAzureTextToSpeech/NetCoreAINew.Project11_MicrosoftAzureTextToSpeech.csproj" Id="fec458a1-c9cc-4a37-ae41-9e1cd9485553" />
  <Project Path="NetCoreAINew.Project12_MicrosoftAzureComputerVision/NetCoreAINew.Project12_MicrosoftAzureComputerVision.csproj" Id="691d6436-1b79-4a69-add9-279a8f24978b" />
  <Project Path="NetCoreAINew.Project13_MicrosoftAzureComputerVisionObjectsAndDetails/NetCoreAINew.Project13_MicrosoftAzureComputerVisionObjectsAndDetails.csproj" Id="80c450fd-c9b8-445b-af10-5d60f54cfb31" />
  <Project Path="NetCoreAINew.Project14_AIQA/NetCoreAINew.Project14_AIQA.csproj" Id="7a92ea15-e36d-4aa0-83dc-cc32ec001085" />
  <Project Path="NetCoreAINew.Project15_RoleSimulation/NetCoreAINew.Project15_RoleSimulation.csproj" Id="8a2f187f-7bdb-478c-b9cf-aa9ae365b983" />
  <Project Path="NetCoreAINew.Project16_AutoAgentPrompt/NetCoreAINew.Project16_AutoAgentPrompt.csproj" Id="d16ea587-74fc-4cff-b16a-6bb57ef3d2f0" />
  <Project Path="NetCoreAINew.Project17_CodeEditor/NetCoreAINew.Project17_CodeEditor.csproj" Id="9871b5f2-b4c4-4272-83d9-0e5491b88aee" />
  <Project Path="NetCoreAINew.Project18_DeepAITextToImage/NetCoreAINew.Project18_DeepAITextToImage.csproj" Id="7ebdff30-d239-4716-9f14-e368ab6cf19e" />
</Solution>
